
Microsoft Visual Studio Solution File, Format Version 12.00
# Visual Studio Version 17
VisualStudioVersion = 17.7.34024.191
MinimumVisualStudioVersion = 10.0.40219.1
Project("{FAE04EC0-301F-11D3-BF4B-00C04F79EFBC}") = "Snake", "Snake\Snake.csproj", "{055CA0A4-9FFC-4AA2-982E-D5ABCA4B7872}"
EndProject
Global
	GlobalSection(SolutionConfigurationPlatforms) = preSolution
		Debug|Any CPU = Debug|Any CPU
		Release|Any CPU = Release|Any CPU
	EndGlobalSection
	GlobalSection(ProjectConfigurationPlatforms) = postSolution
		{055CA0A4-9FFC-4AA2-982E-D5ABCA4B7872}.Debug|Any CPU.ActiveCfg = Debug|Any CPU
		{055CA0A4-9FFC-4AA2-982E-D5ABCA4B7872}.Debug|Any CPU.Build.0 = Debug|Any CPU
		{055CA0A4-9FFC-4AA2-982E-D5ABCA4B7872}.Release|Any CPU.ActiveCfg = Release|Any CPU
		{055CA0A4-9FFC-4AA2-982E-D5ABCA4B7872}.Release|Any CPU.Build.0 = Release|Any CPU
	EndGlobalSection
	GlobalSection(SolutionProperties) = preSolution
		HideSolutionNode = FALSE
	EndGlobalSection
	GlobalSection(ExtensibilityGlobals) = postSolution
		SolutionGuid = {9D60B430-9E0F-40FF-895D-E8DB5C12FF93}
	EndGlobalSection
EndGlobal
